{
  "name": "inzell",
  "version": "1.0.0",
  "lockfileVersion": 1,
  "requires": true,
  "dependencies": {
    "inzell-jsLegacy": {
      "version": "file:../Inzell/build/js/packages/inzell-jsLegacy",
      "requires": {
        "empty": "file:../Inzell/build/js/packages_imported/empty/0.2.0",
        "kotlin": "file:../Inzell/build/js/packages_imported/kotlin/1.4.32",
        "kotlin-test": "file:../Inzell/build/js/packages_imported/kotlin-test/1.4.32",
        "kotlin-test-js-runner": "file:../Inzell/build/js/packages_imported/kotlin-test-js-runner/1.4.32"
      },
      "dependencies": {
        "empty": {
          "version": "file:../Inzell/build/js/packages_imported/empty/0.2.0"
        },
        "kotlin": {
          "version": "file:../Inzell/build/js/packages_imported/kotlin/1.4.32"
        },
        "kotlin-test": {
          "version": "file:../Inzell/build/js/packages_imported/kotlin-test/1.4.32"
        },
        "kotlin-test-js-runner": {
          "version": "file:../Inzell/build/js/packages_imported/kotlin-test-js-runner/1.4.32"
        }
      }
    }
  }
}
